
Microsoft Visual Studio Solution File, Format Version 12.00
# Visual Studio 14
VisualStudioVersion = 14.0.23107.0
MinimumVisualStudioVersion = 10.0.40219.1
Project("{FAE04EC0-301F-11D3-BF4B-00C04F79EFBC}") = "Lab1", "Lab1\Lab1.csproj", "{ABC02CBC-1CE5-4F90-8F86-39B237B3CE9E}"
EndProject
Project("{FAE04EC0-301F-11D3-BF4B-00C04F79EFBC}") = "Lab2", "Lab2\Lab2.csproj", "{C3999CAC-51AF-4338-9536-334A6549A9B0}"
EndProject
Project("{FAE04EC0-301F-11D3-BF4B-00C04F79EFBC}") = "Lab3", "Lab3\Lab3.csproj", "{FD48A374-FC43-49D4-8212-CDD880D3B8DD}"
EndProject
Project("{FAE04EC0-301F-11D3-BF4B-00C04F79EFBC}") = "Lab4", "Lab4\Lab4.csproj", "{3A977FE3-DD56-422C-B450-43B50CC4A89E}"
EndProject
Global
	GlobalSection(SolutionConfigurationPlatforms) = preSolution
		Debug|Any CPU = Debug|Any CPU
		Release|Any CPU = Release|Any CPU
	EndGlobalSection
	GlobalSection(ProjectConfigurationPlatforms) = postSolution
		{ABC02CBC-1CE5-4F90-8F86-39B237B3CE9E}.Debug|Any CPU.ActiveCfg = Debug|Any CPU
		{ABC02CBC-1CE5-4F90-8F86-39B237B3CE9E}.Debug|Any CPU.Build.0 = Debug|Any CPU
		{ABC02CBC-1CE5-4F90-8F86-39B237B3CE9E}.Release|Any CPU.ActiveCfg = Release|Any CPU
		{ABC02CBC-1CE5-4F90-8F86-39B237B3CE9E}.Release|Any CPU.Build.0 = Release|Any CPU
		{C3999CAC-51AF-4338-9536-334A6549A9B0}.Debug|Any CPU.ActiveCfg = Debug|Any CPU
		{C3999CAC-51AF-4338-9536-334A6549A9B0}.Debug|Any CPU.Build.0 = Debug|Any CPU
		{C3999CAC-51AF-4338-9536-334A6549A9B0}.Release|Any CPU.ActiveCfg = Release|Any CPU
		{C3999CAC-51AF-4338-9536-334A6549A9B0}.Release|Any CPU.Build.0 = Release|Any CPU
		{FD48A374-FC43-49D4-8212-CDD880D3B8DD}.Debug|Any CPU.ActiveCfg = Debug|Any CPU
		{FD48A374-FC43-49D4-8212-CDD880D3B8DD}.Debug|Any CPU.Build.0 = Debug|Any CPU
		{FD48A374-FC43-49D4-8212-CDD880D3B8DD}.Release|Any CPU.ActiveCfg = Release|Any CPU
		{FD48A374-FC43-49D4-8212-CDD880D3B8DD}.Release|Any CPU.Build.0 = Release|Any CPU
		{3A977FE3-DD56-422C-B450-43B50CC4A89E}.Debug|Any CPU.ActiveCfg = Debug|Any CPU
		{3A977FE3-DD56-422C-B450-43B50CC4A89E}.Debug|Any CPU.Build.0 = Debug|Any CPU
		{3A977FE3-DD56-422C-B450-43B50CC4A89E}.Release|Any CPU.ActiveCfg = Release|Any CPU
		{3A977FE3-DD56-422C-B450-43B50CC4A89E}.Release|Any CPU.Build.0 = Release|Any CPU
	EndGlobalSection
	GlobalSection(SolutionProperties) = preSolution
		HideSolutionNode = FALSE
	EndGlobalSection
EndGlobal
